
Microsoft Visual Studio Solution File, Format Version 12.00
# Visual Studio 2013
VisualStudioVersion = 12.0.40629.0
MinimumVisualStudioVersion = 10.0.40219.1
Project("{F14B399A-7131-4C87-9E4B-1186C45EF12D}") = "Cash Management Reports", "Cash Management Reports\Cash Management Reports.rptproj", "{2CB5F891-1CC0-4714-B493-BA3006E65E18}"
EndProject
Global
	GlobalSection(TeamFoundationVersionControl) = preSolution
		SccNumberOfProjects = 2
		SccEnterpriseProvider = {4CA58AB2-18FA-4F8D-95D4-32DDF27D184C}
		SccTeamFoundationServer = http://sptfs01:8080/tfs/active
		SccLocalPath0 = .
		SccProjectUniqueName1 = Cash\u0020Management\u0020Reports\\Cash\u0020Management\u0020Reports.rptproj
		SccProjectName1 = Cash\u0020Management\u0020Reports
		SccLocalPath1 = Cash\u0020Management\u0020Reports
	EndGlobalSection
	GlobalSection(SolutionConfigurationPlatforms) = preSolution
		Debug|Default = Debug|Default
		DebugLocal|Default = DebugLocal|Default
		Release|Default = Release|Default
	EndGlobalSection
	GlobalSection(ProjectConfigurationPlatforms) = postSolution
		{2CB5F891-1CC0-4714-B493-BA3006E65E18}.Debug|Default.ActiveCfg = Debug
		{2CB5F891-1CC0-4714-B493-BA3006E65E18}.Debug|Default.Build.0 = Debug
		{2CB5F891-1CC0-4714-B493-BA3006E65E18}.Debug|Default.Deploy.0 = Debug
		{2CB5F891-1CC0-4714-B493-BA3006E65E18}.DebugLocal|Default.ActiveCfg = DebugLocal
		{2CB5F891-1CC0-4714-B493-BA3006E65E18}.DebugLocal|Default.Build.0 = DebugLocal
		{2CB5F891-1CC0-4714-B493-BA3006E65E18}.Release|Default.ActiveCfg = Release
		{2CB5F891-1CC0-4714-B493-BA3006E65E18}.Release|Default.Build.0 = Release
		{2CB5F891-1CC0-4714-B493-BA3006E65E18}.Release|Default.Deploy.0 = Release
	EndGlobalSection
	GlobalSection(SolutionProperties) = preSolution
		HideSolutionNode = FALSE
	EndGlobalSection
EndGlobal
