
Microsoft Visual Studio Solution File, Format Version 10.00
# Visual Studio 2008
Project("{D183A3D8-5FD8-494B-B014-37F57B35E655}") = "OPSDW to SQL2012R2", "OPSDW to SQL2012R2\OPSDW to SQL2012R2.dtproj", "{E0D61763-4CBB-45A4-B632-6BA958962AE8}"
EndProject
Global
	GlobalSection(SolutionConfigurationPlatforms) = preSolution
		Development|Default = Development|Default
	EndGlobalSection
	GlobalSection(ProjectConfigurationPlatforms) = postSolution
		{E0D61763-4CBB-45A4-B632-6BA958962AE8}.Development|Default.ActiveCfg = Development
		{E0D61763-4CBB-45A4-B632-6BA958962AE8}.Development|Default.Build.0 = Development
	EndGlobalSection
	GlobalSection(SolutionProperties) = preSolution
		HideSolutionNode = FALSE
	EndGlobalSection
EndGlobal
