
Microsoft Visual Studio Solution File, Format Version 12.00
# Visual Studio 15
VisualStudioVersion = 15.0.27703.2026
MinimumVisualStudioVersion = 10.0.40219.1
Project("{FAE04EC0-301F-11D3-BF4B-00C04F79EFBC}") = "DocumentService", "DocumentService\DocumentService.csproj", "{48CFF129-33EB-40F0-B8AD-586066654DEC}"
EndProject
Global
	GlobalSection(SolutionConfigurationPlatforms) = preSolution
		Debug|Any CPU = Debug|Any CPU
		Release|Any CPU = Release|Any CPU
	EndGlobalSection
	GlobalSection(ProjectConfigurationPlatforms) = postSolution
		{48CFF129-33EB-40F0-B8AD-586066654DEC}.Debug|Any CPU.ActiveCfg = Debug|Any CPU
		{48CFF129-33EB-40F0-B8AD-586066654DEC}.Debug|Any CPU.Build.0 = Debug|Any CPU
		{48CFF129-33EB-40F0-B8AD-586066654DEC}.Release|Any CPU.ActiveCfg = Release|Any CPU
		{48CFF129-33EB-40F0-B8AD-586066654DEC}.Release|Any CPU.Build.0 = Release|Any CPU
	EndGlobalSection
	GlobalSection(SolutionProperties) = preSolution
		HideSolutionNode = FALSE
	EndGlobalSection
	GlobalSection(ExtensibilityGlobals) = postSolution
		SolutionGuid = {9659B700-55F7-4981-AD26-14228993F1E4}
	EndGlobalSection
	GlobalSection(TeamFoundationVersionControl) = preSolution
		SccNumberOfProjects = 3
		SccEnterpriseProvider = {4CA58AB2-18FA-4F8D-95D4-32DDF27D184C}
		SccTeamFoundationServer = http://sptfs01:8080/tfs/active
		SccLocalPath0 = .
		SccProjectUniqueName1 = DocumentService\\DocumentService.csproj
		SccProjectName1 = DocumentService
		SccLocalPath1 = DocumentService
		SccProjectUniqueName2 = TestClient\\TestClient.csproj
		SccProjectName2 = TestClient
		SccLocalPath2 = TestClient
	EndGlobalSection
EndGlobal
