
Microsoft Visual Studio Solution File, Format Version 12.00
# Visual Studio 2012
Project("{FAE04EC0-301F-11D3-BF4B-00C04F79EFBC}") = "SD2", "SD2\SD2.csproj", "{7935973B-F0F0-40EB-98D0-E917FC009884}"
EndProject
Global
	GlobalSection(TeamFoundationVersionControl) = preSolution
		SccNumberOfProjects = 2
		SccEnterpriseProvider = {4CA58AB2-18FA-4F8D-95D4-32DDF27D184C}
		SccTeamFoundationServer = http://mantestbs01:8080/tfs/it%20applications
		SccLocalPath0 = .
		SccProjectUniqueName1 = SD2\\SD2.csproj
		SccProjectName1 = SD2
		SccLocalPath1 = SD2
	EndGlobalSection
	GlobalSection(SolutionConfigurationPlatforms) = preSolution
		Debug|Any CPU = Debug|Any CPU
		Release|Any CPU = Release|Any CPU
	EndGlobalSection
	GlobalSection(ProjectConfigurationPlatforms) = postSolution
		{7935973B-F0F0-40EB-98D0-E917FC009884}.Debug|Any CPU.ActiveCfg = Debug|Any CPU
		{7935973B-F0F0-40EB-98D0-E917FC009884}.Debug|Any CPU.Build.0 = Debug|Any CPU
		{7935973B-F0F0-40EB-98D0-E917FC009884}.Release|Any CPU.ActiveCfg = Release|Any CPU
		{7935973B-F0F0-40EB-98D0-E917FC009884}.Release|Any CPU.Build.0 = Release|Any CPU
	EndGlobalSection
	GlobalSection(SolutionProperties) = preSolution
		HideSolutionNode = FALSE
	EndGlobalSection
EndGlobal
