
Microsoft Visual Studio Solution File, Format Version 12.00
# Visual Studio 14
VisualStudioVersion = 14.0.25123.0
MinimumVisualStudioVersion = 10.0.40219.1
Project("{FAE04EC0-301F-11D3-BF4B-00C04F79EFBC}") = "SPGuidewireService", "SPGuidewireService\SPGuidewireService.csproj", "{9D925189-0028-48FD-96C7-A3E8C8BA828F}"
EndProject
Global
	GlobalSection(SolutionConfigurationPlatforms) = preSolution
		Debug|Any CPU = Debug|Any CPU
		Release|Any CPU = Release|Any CPU
	EndGlobalSection
	GlobalSection(ProjectConfigurationPlatforms) = postSolution
		{9D925189-0028-48FD-96C7-A3E8C8BA828F}.Debug|Any CPU.ActiveCfg = Debug|Any CPU
		{9D925189-0028-48FD-96C7-A3E8C8BA828F}.Debug|Any CPU.Build.0 = Debug|Any CPU
		{9D925189-0028-48FD-96C7-A3E8C8BA828F}.Release|Any CPU.ActiveCfg = Release|Any CPU
		{9D925189-0028-48FD-96C7-A3E8C8BA828F}.Release|Any CPU.Build.0 = Release|Any CPU
	EndGlobalSection
	GlobalSection(SolutionProperties) = preSolution
		HideSolutionNode = FALSE
	EndGlobalSection
	GlobalSection(TeamFoundationVersionControl) = preSolution
		SccNumberOfProjects = 2
		SccEnterpriseProvider = {4CA58AB2-18FA-4F8D-95D4-32DDF27D184C}
		SccTeamFoundationServer = http://sptfs01:8080/tfs/active
		SccLocalPath0 = .
		SccProjectUniqueName1 = SPGuidewireService\\SPGuidewireService.csproj
		SccProjectName1 = SPGuidewireService
		SccLocalPath1 = SPGuidewireService
	EndGlobalSection
EndGlobal
