
Microsoft Visual Studio Solution File, Format Version 12.00
# Visual Studio 2012
Project("{159641D6-6404-4A2A-AE62-294DE0FE8301}") = "SapiensClaimFeedBalanceValidation", "SapiensClaimFeedBalanceValidation\SapiensClaimFeedBalanceValidation.dtproj", "{23153364-7ED1-48DB-9ABB-05B5B291E624}"
EndProject
Global
	GlobalSection(SolutionConfigurationPlatforms) = preSolution
		Development|Default = Development|Default
	EndGlobalSection
	GlobalSection(ProjectConfigurationPlatforms) = postSolution
		{23153364-7ED1-48DB-9ABB-05B5B291E624}.Development|Default.ActiveCfg = Development
		{23153364-7ED1-48DB-9ABB-05B5B291E624}.Development|Default.Build.0 = Development
	EndGlobalSection
	GlobalSection(SolutionProperties) = preSolution
		HideSolutionNode = FALSE
	EndGlobalSection
EndGlobal
