
Microsoft Visual Studio Solution File, Format Version 12.00
# Visual Studio 2013
VisualStudioVersion = 12.0.21005.1
MinimumVisualStudioVersion = 10.0.40219.1
Project("{F14B399A-7131-4C87-9E4B-1186C45EF12D}") = "Reinsurance Statement Code", "Reinsurance Statement Code\Reinsurance Statement Code.rptproj", "{20D24C98-6E27-4E1E-B110-2BB985785E0F}"
EndProject
Global
	GlobalSection(TeamFoundationVersionControl) = preSolution
		SccNumberOfProjects = 2
		SccEnterpriseProvider = {4CA58AB2-18FA-4F8D-95D4-32DDF27D184C}
		SccTeamFoundationServer = http://sptfs01:8080/tfs/active
		SccLocalPath0 = .
		SccProjectUniqueName1 = Reinsurance\u0020Statement\u0020Code\\Reinsurance\u0020Statement\u0020Code.rptproj
		SccProjectName1 = Reinsurance\u0020Statement\u0020Code
		SccLocalPath1 = Reinsurance\u0020Statement\u0020Code
	EndGlobalSection
	GlobalSection(SolutionConfigurationPlatforms) = preSolution
		Debug|Default = Debug|Default
		DebugLocal|Default = DebugLocal|Default
		Release|Default = Release|Default
	EndGlobalSection
	GlobalSection(ProjectConfigurationPlatforms) = postSolution
		{20D24C98-6E27-4E1E-B110-2BB985785E0F}.Debug|Default.ActiveCfg = Debug
		{20D24C98-6E27-4E1E-B110-2BB985785E0F}.Debug|Default.Build.0 = Debug
		{20D24C98-6E27-4E1E-B110-2BB985785E0F}.Debug|Default.Deploy.0 = Debug
		{20D24C98-6E27-4E1E-B110-2BB985785E0F}.DebugLocal|Default.ActiveCfg = DebugLocal
		{20D24C98-6E27-4E1E-B110-2BB985785E0F}.DebugLocal|Default.Build.0 = DebugLocal
		{20D24C98-6E27-4E1E-B110-2BB985785E0F}.Release|Default.ActiveCfg = Release
		{20D24C98-6E27-4E1E-B110-2BB985785E0F}.Release|Default.Build.0 = Release
		{20D24C98-6E27-4E1E-B110-2BB985785E0F}.Release|Default.Deploy.0 = Release
	EndGlobalSection
	GlobalSection(SolutionProperties) = preSolution
		HideSolutionNode = FALSE
	EndGlobalSection
EndGlobal
