
Microsoft Visual Studio Solution File, Format Version 12.00
# Visual Studio 2012
Project("{F14B399A-7131-4C87-9E4B-1186C45EF12D}") = "Claims Manager Report", "Claims Manager Report\Claims Manager Report.rptproj", "{F228E010-8E39-464A-B4A2-7F68CABC5F3A}"
EndProject
Global
	GlobalSection(TeamFoundationVersionControl) = preSolution
		SccNumberOfProjects = 2
		SccEnterpriseProvider = {4CA58AB2-18FA-4F8D-95D4-32DDF27D184C}
		SccTeamFoundationServer = http://sptfs01:8080/tfs/active
		SccLocalPath0 = .
		SccProjectUniqueName1 = Claims\u0020Manager\u0020Report\\Claims\u0020Manager\u0020Report.rptproj
		SccProjectName1 = Claims\u0020Manager\u0020Report
		SccLocalPath1 = Claims\u0020Manager\u0020Report
	EndGlobalSection
	GlobalSection(SolutionConfigurationPlatforms) = preSolution
		Debug|Default = Debug|Default
		DebugLocal|Default = DebugLocal|Default
		Release|Default = Release|Default
	EndGlobalSection
	GlobalSection(ProjectConfigurationPlatforms) = postSolution
		{F228E010-8E39-464A-B4A2-7F68CABC5F3A}.Debug|Default.ActiveCfg = Debug
		{F228E010-8E39-464A-B4A2-7F68CABC5F3A}.Debug|Default.Build.0 = Debug
		{F228E010-8E39-464A-B4A2-7F68CABC5F3A}.Debug|Default.Deploy.0 = Debug
		{F228E010-8E39-464A-B4A2-7F68CABC5F3A}.DebugLocal|Default.ActiveCfg = DebugLocal
		{F228E010-8E39-464A-B4A2-7F68CABC5F3A}.DebugLocal|Default.Build.0 = DebugLocal
		{F228E010-8E39-464A-B4A2-7F68CABC5F3A}.Release|Default.ActiveCfg = Release
		{F228E010-8E39-464A-B4A2-7F68CABC5F3A}.Release|Default.Build.0 = Release
		{F228E010-8E39-464A-B4A2-7F68CABC5F3A}.Release|Default.Deploy.0 = Release
	EndGlobalSection
	GlobalSection(SolutionProperties) = preSolution
		HideSolutionNode = FALSE
	EndGlobalSection
EndGlobal
