
Microsoft Visual Studio Solution File, Format Version 12.00
# Visual Studio 2013
VisualStudioVersion = 12.0.40629.0
MinimumVisualStudioVersion = 10.0.40219.1
Project("{F14B399A-7131-4C87-9E4B-1186C45EF12D}") = "NAV Unposted Gen Jnls", "NAV Unposted Gen Jnls\NAV Unposted Gen Jnls.rptproj", "{8C30E36A-6D38-4553-B511-7AA7E26F5DC6}"
EndProject
Global
	GlobalSection(TeamFoundationVersionControl) = preSolution
		SccNumberOfProjects = 2
		SccEnterpriseProvider = {4CA58AB2-18FA-4F8D-95D4-32DDF27D184C}
		SccTeamFoundationServer = http://sptfs01:8080/tfs/active
		SccLocalPath0 = .
		SccProjectUniqueName1 = NAV\u0020Unposted\u0020Gen\u0020Jnls\\NAV\u0020Unposted\u0020Gen\u0020Jnls.rptproj
		SccProjectName1 = NAV\u0020Unposted\u0020Gen\u0020Jnls
		SccLocalPath1 = NAV\u0020Unposted\u0020Gen\u0020Jnls
	EndGlobalSection
	GlobalSection(SolutionConfigurationPlatforms) = preSolution
		Debug|Default = Debug|Default
		DebugLocal|Default = DebugLocal|Default
		Release|Default = Release|Default
	EndGlobalSection
	GlobalSection(ProjectConfigurationPlatforms) = postSolution
		{8C30E36A-6D38-4553-B511-7AA7E26F5DC6}.Debug|Default.ActiveCfg = Debug
		{8C30E36A-6D38-4553-B511-7AA7E26F5DC6}.Debug|Default.Build.0 = Debug
		{8C30E36A-6D38-4553-B511-7AA7E26F5DC6}.Debug|Default.Deploy.0 = Debug
		{8C30E36A-6D38-4553-B511-7AA7E26F5DC6}.DebugLocal|Default.ActiveCfg = DebugLocal
		{8C30E36A-6D38-4553-B511-7AA7E26F5DC6}.DebugLocal|Default.Build.0 = DebugLocal
		{8C30E36A-6D38-4553-B511-7AA7E26F5DC6}.Release|Default.ActiveCfg = Release
		{8C30E36A-6D38-4553-B511-7AA7E26F5DC6}.Release|Default.Build.0 = Release
		{8C30E36A-6D38-4553-B511-7AA7E26F5DC6}.Release|Default.Deploy.0 = Release
	EndGlobalSection
	GlobalSection(SolutionProperties) = preSolution
		HideSolutionNode = FALSE
	EndGlobalSection
EndGlobal
