
Microsoft Visual Studio Solution File, Format Version 12.00
# Visual Studio 2013
VisualStudioVersion = 12.0.21005.1
MinimumVisualStudioVersion = 10.0.40219.1
Project("{159641D6-6404-4A2A-AE62-294DE0FE8301}") = "EPAM", "EPAM\EPAM.dtproj", "{2B434C0E-78F8-4F52-8B0C-CA681E3BFCA3}"
EndProject
Global
	GlobalSection(SolutionConfigurationPlatforms) = preSolution
		Development|Default = Development|Default
	EndGlobalSection
	GlobalSection(ProjectConfigurationPlatforms) = postSolution
		{2B434C0E-78F8-4F52-8B0C-CA681E3BFCA3}.Development|Default.ActiveCfg = Development
		{2B434C0E-78F8-4F52-8B0C-CA681E3BFCA3}.Development|Default.Build.0 = Development
	EndGlobalSection
	GlobalSection(SolutionProperties) = preSolution
		HideSolutionNode = FALSE
	EndGlobalSection
EndGlobal
