
Microsoft Visual Studio Solution File, Format Version 12.00
# Visual Studio 14
VisualStudioVersion = 14.0.23107.0
MinimumVisualStudioVersion = 10.0.40219.1
Project("{FAE04EC0-301F-11D3-BF4B-00C04F79EFBC}") = "CashFlowDataImport", "CashFlowDataImport\CashFlowDataImport.csproj", "{CBCD6C72-132D-4C2A-82E0-96AA0B0C19BB}"
EndProject
Global
	GlobalSection(SolutionConfigurationPlatforms) = preSolution
		Debug|Any CPU = Debug|Any CPU
		Release|Any CPU = Release|Any CPU
	EndGlobalSection
	GlobalSection(ProjectConfigurationPlatforms) = postSolution
		{CBCD6C72-132D-4C2A-82E0-96AA0B0C19BB}.Debug|Any CPU.ActiveCfg = Debug|Any CPU
		{CBCD6C72-132D-4C2A-82E0-96AA0B0C19BB}.Debug|Any CPU.Build.0 = Debug|Any CPU
		{CBCD6C72-132D-4C2A-82E0-96AA0B0C19BB}.Release|Any CPU.ActiveCfg = Release|Any CPU
		{CBCD6C72-132D-4C2A-82E0-96AA0B0C19BB}.Release|Any CPU.Build.0 = Release|Any CPU
	EndGlobalSection
	GlobalSection(SolutionProperties) = preSolution
		HideSolutionNode = FALSE
	EndGlobalSection
	GlobalSection(TeamFoundationVersionControl) = preSolution
		SccNumberOfProjects = 2
		SccEnterpriseProvider = {4CA58AB2-18FA-4F8D-95D4-32DDF27D184C}
		SccTeamFoundationServer = http://sptfs01:8080/tfs/active
		SccLocalPath0 = .
		SccProjectUniqueName1 = CashFlowDataImport\\CashFlowDataImport.csproj
		SccProjectName1 = CashFlowDataImport
		SccLocalPath1 = CashFlowDataImport
	EndGlobalSection
EndGlobal
