
Microsoft Visual Studio Solution File, Format Version 12.00
# Visual Studio 15
VisualStudioVersion = 15.0.27130.2036
MinimumVisualStudioVersion = 10.0.40219.1
Project("{9A19103F-16F7-4668-BE54-9A1E7A4F7556}") = "CommutationCentral.IDP", "CommutationCentral.IDP\CommutationCentral.IDP.csproj", "{909FA5E0-037E-446F-918A-48539AF5761A}"
EndProject
Project("{9A19103F-16F7-4668-BE54-9A1E7A4F7556}") = "CommutationCentral.API", "CommutationCentral.API\CommutationCentral.API.csproj", "{F71DFDD3-908F-4F9D-8BFA-71FDD68A266F}"
EndProject
Global
	GlobalSection(SolutionConfigurationPlatforms) = preSolution
		Debug|Any CPU = Debug|Any CPU
		Release|Any CPU = Release|Any CPU
	EndGlobalSection
	GlobalSection(ProjectConfigurationPlatforms) = postSolution
		{909FA5E0-037E-446F-918A-48539AF5761A}.Debug|Any CPU.ActiveCfg = Debug|Any CPU
		{909FA5E0-037E-446F-918A-48539AF5761A}.Debug|Any CPU.Build.0 = Debug|Any CPU
		{909FA5E0-037E-446F-918A-48539AF5761A}.Release|Any CPU.ActiveCfg = Release|Any CPU
		{909FA5E0-037E-446F-918A-48539AF5761A}.Release|Any CPU.Build.0 = Release|Any CPU
		{F71DFDD3-908F-4F9D-8BFA-71FDD68A266F}.Debug|Any CPU.ActiveCfg = Debug|Any CPU
		{F71DFDD3-908F-4F9D-8BFA-71FDD68A266F}.Debug|Any CPU.Build.0 = Debug|Any CPU
		{F71DFDD3-908F-4F9D-8BFA-71FDD68A266F}.Release|Any CPU.ActiveCfg = Release|Any CPU
		{F71DFDD3-908F-4F9D-8BFA-71FDD68A266F}.Release|Any CPU.Build.0 = Release|Any CPU
	EndGlobalSection
	GlobalSection(SolutionProperties) = preSolution
		HideSolutionNode = FALSE
	EndGlobalSection
	GlobalSection(ExtensibilityGlobals) = postSolution
		SolutionGuid = {FCE4E743-8055-4F17-810E-F16E08919390}
	EndGlobalSection
EndGlobal
