
Microsoft Visual Studio Solution File, Format Version 12.00
# Visual Studio 14
VisualStudioVersion = 14.0.25420.1
MinimumVisualStudioVersion = 10.0.40219.1
Project("{FAE04EC0-301F-11D3-BF4B-00C04F79EFBC}") = "PINSPayments", "PINSPayments\PINSPayments.csproj", "{11FC3D34-4783-4CA8-AE65-4069A52FEB43}"
EndProject
Global
	GlobalSection(SolutionConfigurationPlatforms) = preSolution
		Debug|Any CPU = Debug|Any CPU
		DEV|Any CPU = DEV|Any CPU
		PROD|Any CPU = PROD|Any CPU
		Release|Any CPU = Release|Any CPU
		TEST|Any CPU = TEST|Any CPU
	EndGlobalSection
	GlobalSection(ProjectConfigurationPlatforms) = postSolution
		{11FC3D34-4783-4CA8-AE65-4069A52FEB43}.Debug|Any CPU.ActiveCfg = Debug|Any CPU
		{11FC3D34-4783-4CA8-AE65-4069A52FEB43}.Debug|Any CPU.Build.0 = Debug|Any CPU
		{11FC3D34-4783-4CA8-AE65-4069A52FEB43}.DEV|Any CPU.ActiveCfg = DEV|Any CPU
		{11FC3D34-4783-4CA8-AE65-4069A52FEB43}.DEV|Any CPU.Build.0 = DEV|Any CPU
		{11FC3D34-4783-4CA8-AE65-4069A52FEB43}.PROD|Any CPU.ActiveCfg = PROD|Any CPU
		{11FC3D34-4783-4CA8-AE65-4069A52FEB43}.PROD|Any CPU.Build.0 = PROD|Any CPU
		{11FC3D34-4783-4CA8-AE65-4069A52FEB43}.Release|Any CPU.ActiveCfg = Release|Any CPU
		{11FC3D34-4783-4CA8-AE65-4069A52FEB43}.Release|Any CPU.Build.0 = Release|Any CPU
		{11FC3D34-4783-4CA8-AE65-4069A52FEB43}.TEST|Any CPU.ActiveCfg = TEST|Any CPU
		{11FC3D34-4783-4CA8-AE65-4069A52FEB43}.TEST|Any CPU.Build.0 = TEST|Any CPU
	EndGlobalSection
	GlobalSection(SolutionProperties) = preSolution
		HideSolutionNode = FALSE
	EndGlobalSection
	GlobalSection(TeamFoundationVersionControl) = preSolution
		SccNumberOfProjects = 2
		SccEnterpriseProvider = {4CA58AB2-18FA-4F8D-95D4-32DDF27D184C}
		SccTeamFoundationServer = http://sptfs01:8080/tfs/active
		SccLocalPath0 = .
		SccProjectUniqueName1 = PINSPayments\\PINSPayments.csproj
		SccProjectName1 = PINSPayments
		SccLocalPath1 = PINSPayments
	EndGlobalSection
EndGlobal
