
Microsoft Visual Studio Solution File, Format Version 12.00
# Visual Studio 2013
VisualStudioVersion = 12.0.40629.0
MinimumVisualStudioVersion = 10.0.40219.1
Project("{159641D6-6404-4A2A-AE62-294DE0FE8301}") = "ClaimCenterStaging_Load", "ClaimCenterStaging_Load.dtproj", "{EFB69B73-E50C-4822-A969-99CFCC6940A2}"
EndProject
Global
	GlobalSection(TeamFoundationVersionControl) = preSolution
		SccNumberOfProjects = 2
		SccEnterpriseProvider = {4CA58AB2-18FA-4F8D-95D4-32DDF27D184C}
		SccTeamFoundationServer = http://sptfs01:8080/tfs/active
		SccLocalPath0 = .
		SccProjectUniqueName1 = ClaimCenterStaging_Load.dtproj
		SccLocalPath1 = .
	EndGlobalSection
	GlobalSection(SolutionConfigurationPlatforms) = preSolution
		Development|Default = Development|Default
	EndGlobalSection
	GlobalSection(ProjectConfigurationPlatforms) = postSolution
		{EFB69B73-E50C-4822-A969-99CFCC6940A2}.Development|Default.ActiveCfg = Development
		{EFB69B73-E50C-4822-A969-99CFCC6940A2}.Development|Default.Build.0 = Development
	EndGlobalSection
	GlobalSection(SolutionProperties) = preSolution
		HideSolutionNode = FALSE
	EndGlobalSection
EndGlobal
