
Microsoft Visual Studio Solution File, Format Version 12.00
# Visual Studio 2012
Project("{159641D6-6404-4A2A-AE62-294DE0FE8301}") = "Acuity Data Dump", "Integration Services Project7\Acuity Data Dump.dtproj", "{9CF8C956-F8EA-4AAA-9AF6-38C244546D6D}"
EndProject
Global
	GlobalSection(SolutionConfigurationPlatforms) = preSolution
		Development|Default = Development|Default
	EndGlobalSection
	GlobalSection(ProjectConfigurationPlatforms) = postSolution
		{9CF8C956-F8EA-4AAA-9AF6-38C244546D6D}.Development|Default.ActiveCfg = Development
		{9CF8C956-F8EA-4AAA-9AF6-38C244546D6D}.Development|Default.Build.0 = Development
	EndGlobalSection
	GlobalSection(SolutionProperties) = preSolution
		HideSolutionNode = FALSE
	EndGlobalSection
EndGlobal
