
Microsoft Visual Studio Solution File, Format Version 12.00
# Visual Studio 2013
VisualStudioVersion = 12.0.21005.1
MinimumVisualStudioVersion = 10.0.40219.1
Project("{F14B399A-7131-4C87-9E4B-1186C45EF12D}") = "AcuityAccessReport", "AcuityAccessReport\AcuityAccessReport.rptproj", "{656D6996-B24C-4B86-AE9A-11E78BA6D006}"
EndProject
Global
	GlobalSection(TeamFoundationVersionControl) = preSolution
		SccNumberOfProjects = 2
		SccEnterpriseProvider = {4CA58AB2-18FA-4F8D-95D4-32DDF27D184C}
		SccTeamFoundationServer = http://sptfs01:8080/tfs/active
		SccLocalPath0 = .
		SccProjectUniqueName1 = AcuityAccessReport\\AcuityAccessReport.rptproj
		SccProjectName1 = AcuityAccessReport
		SccLocalPath1 = AcuityAccessReport
	EndGlobalSection
	GlobalSection(SolutionConfigurationPlatforms) = preSolution
		Debug|Default = Debug|Default
		DebugLocal|Default = DebugLocal|Default
		Release|Default = Release|Default
	EndGlobalSection
	GlobalSection(ProjectConfigurationPlatforms) = postSolution
		{656D6996-B24C-4B86-AE9A-11E78BA6D006}.Debug|Default.ActiveCfg = Debug
		{656D6996-B24C-4B86-AE9A-11E78BA6D006}.Debug|Default.Build.0 = Debug
		{656D6996-B24C-4B86-AE9A-11E78BA6D006}.Debug|Default.Deploy.0 = Debug
		{656D6996-B24C-4B86-AE9A-11E78BA6D006}.DebugLocal|Default.ActiveCfg = DebugLocal
		{656D6996-B24C-4B86-AE9A-11E78BA6D006}.DebugLocal|Default.Build.0 = DebugLocal
		{656D6996-B24C-4B86-AE9A-11E78BA6D006}.Release|Default.ActiveCfg = Release
		{656D6996-B24C-4B86-AE9A-11E78BA6D006}.Release|Default.Build.0 = Release
		{656D6996-B24C-4B86-AE9A-11E78BA6D006}.Release|Default.Deploy.0 = Release
	EndGlobalSection
	GlobalSection(SolutionProperties) = preSolution
		HideSolutionNode = FALSE
	EndGlobalSection
EndGlobal
