
Microsoft Visual Studio Solution File, Format Version 12.00
# Visual Studio 2012
Project("{159641D6-6404-4A2A-AE62-294DE0FE8301}") = "BAI", "BAI\BAI.dtproj", "{BED16465-A4A8-45A5-81C9-321E2078B340}"
EndProject
Global
	GlobalSection(SolutionConfigurationPlatforms) = preSolution
		Development|Default = Development|Default
	EndGlobalSection
	GlobalSection(ProjectConfigurationPlatforms) = postSolution
		{BED16465-A4A8-45A5-81C9-321E2078B340}.Development|Default.ActiveCfg = Development
		{BED16465-A4A8-45A5-81C9-321E2078B340}.Development|Default.Build.0 = Development
	EndGlobalSection
	GlobalSection(SolutionProperties) = preSolution
		HideSolutionNode = FALSE
	EndGlobalSection
EndGlobal
