
Microsoft Visual Studio Solution File, Format Version 12.00
# Visual Studio 2013
VisualStudioVersion = 12.0.40629.0
MinimumVisualStudioVersion = 10.0.40219.1
Project("{F14B399A-7131-4C87-9E4B-1186C45EF12D}") = "ARO-Invoices_Scanned", "ARO-Invoices_Scanned\ARO-Invoices_Scanned.rptproj", "{79BC4F12-A367-4BE7-BBEE-FF8C7BCC7C7B}"
EndProject
Global
	GlobalSection(TeamFoundationVersionControl) = preSolution
		SccNumberOfProjects = 2
		SccEnterpriseProvider = {4CA58AB2-18FA-4F8D-95D4-32DDF27D184C}
		SccTeamFoundationServer = http://sptfs01:8080/tfs/active
		SccLocalPath0 = .
		SccProjectUniqueName1 = ARO-Invoices_Scanned\\ARO-Invoices_Scanned.rptproj
		SccProjectName1 = ARO-Invoices_Scanned
		SccLocalPath1 = ARO-Invoices_Scanned
	EndGlobalSection
	GlobalSection(SolutionConfigurationPlatforms) = preSolution
		Debug|Default = Debug|Default
		DebugLocal|Default = DebugLocal|Default
		Release|Default = Release|Default
	EndGlobalSection
	GlobalSection(ProjectConfigurationPlatforms) = postSolution
		{79BC4F12-A367-4BE7-BBEE-FF8C7BCC7C7B}.Debug|Default.ActiveCfg = Debug
		{79BC4F12-A367-4BE7-BBEE-FF8C7BCC7C7B}.Debug|Default.Build.0 = Debug
		{79BC4F12-A367-4BE7-BBEE-FF8C7BCC7C7B}.Debug|Default.Deploy.0 = Debug
		{79BC4F12-A367-4BE7-BBEE-FF8C7BCC7C7B}.DebugLocal|Default.ActiveCfg = DebugLocal
		{79BC4F12-A367-4BE7-BBEE-FF8C7BCC7C7B}.DebugLocal|Default.Build.0 = DebugLocal
		{79BC4F12-A367-4BE7-BBEE-FF8C7BCC7C7B}.Release|Default.ActiveCfg = Release
		{79BC4F12-A367-4BE7-BBEE-FF8C7BCC7C7B}.Release|Default.Build.0 = Release
		{79BC4F12-A367-4BE7-BBEE-FF8C7BCC7C7B}.Release|Default.Deploy.0 = Release
	EndGlobalSection
	GlobalSection(SolutionProperties) = preSolution
		HideSolutionNode = FALSE
	EndGlobalSection
EndGlobal
