
Microsoft Visual Studio Solution File, Format Version 12.00
# Visual Studio 15
VisualStudioVersion = 15.0.27130.2027
MinimumVisualStudioVersion = 10.0.40219.1
Project("{FAE04EC0-301F-11D3-BF4B-00C04F79EFBC}") = "WorkRequestDataService", "WorkRequestDataService\WorkRequestDataService.csproj", "{57E50DD2-CBCB-4C23-9899-58525D94D977}"
EndProject
Global
	GlobalSection(SolutionConfigurationPlatforms) = preSolution
		Debug|Any CPU = Debug|Any CPU
		Release|Any CPU = Release|Any CPU
		UAT|Any CPU = UAT|Any CPU
	EndGlobalSection
	GlobalSection(ProjectConfigurationPlatforms) = postSolution
		{57E50DD2-CBCB-4C23-9899-58525D94D977}.Debug|Any CPU.ActiveCfg = DEV|Any CPU
		{57E50DD2-CBCB-4C23-9899-58525D94D977}.Debug|Any CPU.Build.0 = DEV|Any CPU
		{57E50DD2-CBCB-4C23-9899-58525D94D977}.Release|Any CPU.ActiveCfg = PROD|Any CPU
		{57E50DD2-CBCB-4C23-9899-58525D94D977}.Release|Any CPU.Build.0 = PROD|Any CPU
		{57E50DD2-CBCB-4C23-9899-58525D94D977}.UAT|Any CPU.ActiveCfg = QA|Any CPU
		{57E50DD2-CBCB-4C23-9899-58525D94D977}.UAT|Any CPU.Build.0 = QA|Any CPU
	EndGlobalSection
	GlobalSection(SolutionProperties) = preSolution
		HideSolutionNode = FALSE
	EndGlobalSection
	GlobalSection(ExtensibilityGlobals) = postSolution
		SolutionGuid = {EE1C0EC4-90D8-450A-8D6C-91EDAD3800BC}
	EndGlobalSection
	GlobalSection(TeamFoundationVersionControl) = preSolution
		SccNumberOfProjects = 2
		SccEnterpriseProvider = {4CA58AB2-18FA-4F8D-95D4-32DDF27D184C}
		SccTeamFoundationServer = http://sptfs01:8080/tfs/active
		SccLocalPath0 = .
		SccProjectUniqueName1 = WorkRequestDataService\\WorkRequestDataService.csproj
		SccProjectName1 = WorkRequestDataService
		SccLocalPath1 = WorkRequestDataService
	EndGlobalSection
EndGlobal
