
Microsoft Visual Studio Solution File, Format Version 12.00
# Visual Studio 14
VisualStudioVersion = 14.0.25420.1
MinimumVisualStudioVersion = 10.0.40219.1
Project("{159641D6-6404-4A2A-AE62-294DE0FE8301}") = "SDImporter2", "SDImporter2\SDImporter2.dtproj", "{1E4C4064-F580-4EA0-8AAA-6B471A27A579}"
EndProject
Global
	GlobalSection(SolutionConfigurationPlatforms) = preSolution
		Development|Default = Development|Default
	EndGlobalSection
	GlobalSection(ProjectConfigurationPlatforms) = postSolution
		{1E4C4064-F580-4EA0-8AAA-6B471A27A579}.Development|Default.ActiveCfg = Development
		{1E4C4064-F580-4EA0-8AAA-6B471A27A579}.Development|Default.Build.0 = Development
	EndGlobalSection
	GlobalSection(SolutionProperties) = preSolution
		HideSolutionNode = FALSE
	EndGlobalSection
	GlobalSection(TeamFoundationVersionControl) = preSolution
		SccNumberOfProjects = 2
		SccEnterpriseProvider = {4CA58AB2-18FA-4F8D-95D4-32DDF27D184C}
		SccTeamFoundationServer = http://sptfs01:8080/tfs/active
		SccLocalPath0 = .
		SccProjectUniqueName1 = SDImporter2\\SDImporter2.dtproj
		SccProjectName1 = SDImporter2
		SccLocalPath1 = SDImporter2
	EndGlobalSection
EndGlobal
