
Microsoft Visual Studio Solution File, Format Version 12.00
# Visual Studio 2013
VisualStudioVersion = 12.0.40629.0
MinimumVisualStudioVersion = 10.0.40219.1
Project("{159641D6-6404-4A2A-AE62-294DE0FE8301}") = "ImportAssociatesFromAD", "ImportAssociatesFromAD\ImportAssociatesFromAD.dtproj", "{84C8897F-5B01-4042-81DD-5661322AE976}"
EndProject
Global
	GlobalSection(TeamFoundationVersionControl) = preSolution
		SccNumberOfProjects = 2
		SccEnterpriseProvider = {4CA58AB2-18FA-4F8D-95D4-32DDF27D184C}
		SccTeamFoundationServer = http://sptfs01:8080/tfs/active
		SccLocalPath0 = .
		SccProjectUniqueName1 = ImportAssociatesFromAD\\ImportAssociatesFromAD.dtproj
		SccProjectName1 = ImportAssociatesFromAD
		SccLocalPath1 = ImportAssociatesFromAD
	EndGlobalSection
	GlobalSection(SolutionConfigurationPlatforms) = preSolution
		Development|Default = Development|Default
	EndGlobalSection
	GlobalSection(ProjectConfigurationPlatforms) = postSolution
		{84C8897F-5B01-4042-81DD-5661322AE976}.Development|Default.ActiveCfg = Development
		{84C8897F-5B01-4042-81DD-5661322AE976}.Development|Default.Build.0 = Development
	EndGlobalSection
	GlobalSection(SolutionProperties) = preSolution
		HideSolutionNode = FALSE
	EndGlobalSection
EndGlobal
