
Microsoft Visual Studio Solution File, Format Version 12.00
# Visual Studio 2013
VisualStudioVersion = 12.0.21005.1
MinimumVisualStudioVersion = 10.0.40219.1
Project("{00D1A9C2-B5F0-4AF3-8072-F6C62B433612}") = "Advance System Valuation Date", "Advance System Valuation Date\Advance System Valuation Date.sqlproj", "{291CE544-C118-4E4A-8262-67DDD65CBDFE}"
EndProject
Global
	GlobalSection(TeamFoundationVersionControl) = preSolution
		SccNumberOfProjects = 2
		SccEnterpriseProvider = {4CA58AB2-18FA-4F8D-95D4-32DDF27D184C}
		SccTeamFoundationServer = http://sptfs01:8080/tfs/active
		SccLocalPath0 = .
		SccProjectUniqueName1 = Advance\u0020System\u0020Valuation\u0020Date\\Advance\u0020System\u0020Valuation\u0020Date.sqlproj
		SccProjectName1 = Advance\u0020System\u0020Valuation\u0020Date
		SccLocalPath1 = Advance\u0020System\u0020Valuation\u0020Date
	EndGlobalSection
	GlobalSection(SolutionConfigurationPlatforms) = preSolution
		Debug|Any CPU = Debug|Any CPU
		Release|Any CPU = Release|Any CPU
	EndGlobalSection
	GlobalSection(ProjectConfigurationPlatforms) = postSolution
		{291CE544-C118-4E4A-8262-67DDD65CBDFE}.Debug|Any CPU.ActiveCfg = Debug|Any CPU
		{291CE544-C118-4E4A-8262-67DDD65CBDFE}.Debug|Any CPU.Build.0 = Debug|Any CPU
		{291CE544-C118-4E4A-8262-67DDD65CBDFE}.Debug|Any CPU.Deploy.0 = Debug|Any CPU
		{291CE544-C118-4E4A-8262-67DDD65CBDFE}.Release|Any CPU.ActiveCfg = Release|Any CPU
		{291CE544-C118-4E4A-8262-67DDD65CBDFE}.Release|Any CPU.Build.0 = Release|Any CPU
		{291CE544-C118-4E4A-8262-67DDD65CBDFE}.Release|Any CPU.Deploy.0 = Release|Any CPU
	EndGlobalSection
	GlobalSection(SolutionProperties) = preSolution
		HideSolutionNode = FALSE
	EndGlobalSection
EndGlobal
