
Microsoft Visual Studio Solution File, Format Version 12.00
# Visual Studio 2013
VisualStudioVersion = 12.0.21005.1
MinimumVisualStudioVersion = 10.0.40219.1
Project("{F14B399A-7131-4C87-9E4B-1186C45EF12D}") = "Application Access Log Report", "Application Access Log Report\Application Access Log Report.rptproj", "{1B853A8C-C397-4445-8CF7-84D661F1EC85}"
EndProject
Global
	GlobalSection(TeamFoundationVersionControl) = preSolution
		SccNumberOfProjects = 2
		SccEnterpriseProvider = {4CA58AB2-18FA-4F8D-95D4-32DDF27D184C}
		SccTeamFoundationServer = http://sptfs01:8080/tfs/active
		SccLocalPath0 = .
		SccProjectUniqueName1 = Application\u0020Access\u0020Log\u0020Report\\Application\u0020Access\u0020Log\u0020Report.rptproj
		SccProjectName1 = Application\u0020Access\u0020Log\u0020Report
		SccLocalPath1 = Application\u0020Access\u0020Log\u0020Report
	EndGlobalSection
	GlobalSection(SolutionConfigurationPlatforms) = preSolution
		Debug|Default = Debug|Default
		DebugLocal|Default = DebugLocal|Default
		Release|Default = Release|Default
	EndGlobalSection
	GlobalSection(ProjectConfigurationPlatforms) = postSolution
		{1B853A8C-C397-4445-8CF7-84D661F1EC85}.Debug|Default.ActiveCfg = Debug
		{1B853A8C-C397-4445-8CF7-84D661F1EC85}.Debug|Default.Build.0 = Debug
		{1B853A8C-C397-4445-8CF7-84D661F1EC85}.Debug|Default.Deploy.0 = Debug
		{1B853A8C-C397-4445-8CF7-84D661F1EC85}.DebugLocal|Default.ActiveCfg = DebugLocal
		{1B853A8C-C397-4445-8CF7-84D661F1EC85}.DebugLocal|Default.Build.0 = DebugLocal
		{1B853A8C-C397-4445-8CF7-84D661F1EC85}.Release|Default.ActiveCfg = Release
		{1B853A8C-C397-4445-8CF7-84D661F1EC85}.Release|Default.Build.0 = Release
		{1B853A8C-C397-4445-8CF7-84D661F1EC85}.Release|Default.Deploy.0 = Release
	EndGlobalSection
	GlobalSection(SolutionProperties) = preSolution
		HideSolutionNode = FALSE
	EndGlobalSection
EndGlobal
