
Microsoft Visual Studio Solution File, Format Version 10.00
# Visual Studio 2008
Project("{D183A3D8-5FD8-494B-B014-37F57B35E655}") = "ASI_BAI", "ASI_BAI\ASI_BAI.dtproj", "{25815447-4285-4B21-B10B-57F8990535E3}"
EndProject
Global
	GlobalSection(SolutionConfigurationPlatforms) = preSolution
		Development|Default = Development|Default
	EndGlobalSection
	GlobalSection(ProjectConfigurationPlatforms) = postSolution
		{25815447-4285-4B21-B10B-57F8990535E3}.Development|Default.ActiveCfg = Development
		{25815447-4285-4B21-B10B-57F8990535E3}.Development|Default.Build.0 = Development
	EndGlobalSection
	GlobalSection(SolutionProperties) = preSolution
		HideSolutionNode = FALSE
	EndGlobalSection
EndGlobal
