
Microsoft Visual Studio Solution File, Format Version 12.00
# Visual Studio 2013
VisualStudioVersion = 12.0.21005.1
MinimumVisualStudioVersion = 10.0.40219.1
Project("{F14B399A-7131-4C87-9E4B-1186C45EF12D}") = "Claim and Subpoena Listing", "Claim and Subpoena Listing\Claim and Subpoena Listing.rptproj", "{DA121103-6765-455F-ACDA-B5ACFA1C9F82}"
EndProject
Global
	GlobalSection(TeamFoundationVersionControl) = preSolution
		SccNumberOfProjects = 2
		SccEnterpriseProvider = {4CA58AB2-18FA-4F8D-95D4-32DDF27D184C}
		SccTeamFoundationServer = http://sptfs01:8080/tfs/active
		SccLocalPath0 = .
		SccProjectUniqueName1 = Claim\u0020and\u0020Subpoena\u0020Listing\\Claim\u0020and\u0020Subpoena\u0020Listing.rptproj
		SccProjectName1 = Claim\u0020and\u0020Subpoena\u0020Listing
		SccLocalPath1 = Claim\u0020and\u0020Subpoena\u0020Listing
	EndGlobalSection
	GlobalSection(SolutionConfigurationPlatforms) = preSolution
		Debug|Default = Debug|Default
		DebugLocal|Default = DebugLocal|Default
		Release|Default = Release|Default
	EndGlobalSection
	GlobalSection(ProjectConfigurationPlatforms) = postSolution
		{DA121103-6765-455F-ACDA-B5ACFA1C9F82}.Debug|Default.ActiveCfg = Debug
		{DA121103-6765-455F-ACDA-B5ACFA1C9F82}.Debug|Default.Build.0 = Debug
		{DA121103-6765-455F-ACDA-B5ACFA1C9F82}.Debug|Default.Deploy.0 = Debug
		{DA121103-6765-455F-ACDA-B5ACFA1C9F82}.DebugLocal|Default.ActiveCfg = DebugLocal
		{DA121103-6765-455F-ACDA-B5ACFA1C9F82}.DebugLocal|Default.Build.0 = DebugLocal
		{DA121103-6765-455F-ACDA-B5ACFA1C9F82}.Release|Default.ActiveCfg = Release
		{DA121103-6765-455F-ACDA-B5ACFA1C9F82}.Release|Default.Build.0 = Release
		{DA121103-6765-455F-ACDA-B5ACFA1C9F82}.Release|Default.Deploy.0 = Release
	EndGlobalSection
	GlobalSection(SolutionProperties) = preSolution
		HideSolutionNode = FALSE
	EndGlobalSection
EndGlobal
