
Microsoft Visual Studio Solution File, Format Version 12.00
# Visual Studio 2013
VisualStudioVersion = 12.0.21005.1
MinimumVisualStudioVersion = 10.0.40219.1
Project("{F14B399A-7131-4C87-9E4B-1186C45EF12D}") = "PICs Search (Claims)", "PICs Search (Claims)\PICs Search (Claims).rptproj", "{748171CA-B3D0-4EA4-B9E5-99824891BB3C}"
EndProject
Global
	GlobalSection(TeamFoundationVersionControl) = preSolution
		SccNumberOfProjects = 2
		SccEnterpriseProvider = {4CA58AB2-18FA-4F8D-95D4-32DDF27D184C}
		SccTeamFoundationServer = http://sptfs01:8080/tfs/active
		SccLocalPath0 = .
		SccProjectUniqueName1 = PICs\u0020Search\u0020(Claims)\\PICs\u0020Search\u0020(Claims).rptproj
		SccProjectName1 = PICs\u0020Search\u0020(Claims)
		SccLocalPath1 = PICs\u0020Search\u0020(Claims)
	EndGlobalSection
	GlobalSection(SolutionConfigurationPlatforms) = preSolution
		Debug|Default = Debug|Default
		DebugLocal|Default = DebugLocal|Default
		Release|Default = Release|Default
	EndGlobalSection
	GlobalSection(ProjectConfigurationPlatforms) = postSolution
		{748171CA-B3D0-4EA4-B9E5-99824891BB3C}.Debug|Default.ActiveCfg = Debug
		{748171CA-B3D0-4EA4-B9E5-99824891BB3C}.Debug|Default.Build.0 = Debug
		{748171CA-B3D0-4EA4-B9E5-99824891BB3C}.Debug|Default.Deploy.0 = Debug
		{748171CA-B3D0-4EA4-B9E5-99824891BB3C}.DebugLocal|Default.ActiveCfg = DebugLocal
		{748171CA-B3D0-4EA4-B9E5-99824891BB3C}.DebugLocal|Default.Build.0 = DebugLocal
		{748171CA-B3D0-4EA4-B9E5-99824891BB3C}.Release|Default.ActiveCfg = Release
		{748171CA-B3D0-4EA4-B9E5-99824891BB3C}.Release|Default.Build.0 = Release
		{748171CA-B3D0-4EA4-B9E5-99824891BB3C}.Release|Default.Deploy.0 = Release
	EndGlobalSection
	GlobalSection(SolutionProperties) = preSolution
		HideSolutionNode = FALSE
	EndGlobalSection
EndGlobal
